
Microsoft Visual Studio Solution File, Format Version 12.00
# Visual Studio Version 17
VisualStudioVersion = 17.4.33213.308
MinimumVisualStudioVersion = 10.0.40219.1
Project("{9A19103F-16F7-4668-BE54-9A1E7A4F7556}") = "STM_API", "STM_API\STM_API.csproj", "{05A50735-6C5A-4F83-A827-14FAA4854959}"
EndProject
Project("{9A19103F-16F7-4668-BE54-9A1E7A4F7556}") = "STOCKFileSaveNew", "STOCKFileSaveNew\STOCKFileSaveNew.csproj", "{847DF5F2-B7AA-42DC-A8DC-424075693C8A}"
EndProject
Project("{9A19103F-16F7-4668-BE54-9A1E7A4F7556}") = "LiveDataFeed", "LiveDataFeed\LiveDataFeed\LiveDataFeed.csproj", "{D86E2D25-F2E8-4F39-A13F-C433F21F1C88}"
EndProject
Project("{FAE04EC0-301F-11D3-BF4B-00C04F79EFBC}") = "DemoReadFileTrailerCS", "DemoReadFileTrailer\DemoReadFileTrailerCS\DemoReadFileTrailerCS.csproj", "{BC5E2F97-6A4D-4B67-9CF2-B8EF6B107772}"
EndProject
Project("{9A19103F-16F7-4668-BE54-9A1E7A4F7556}") = "MSNStocks", "MSNStocks\MSNStocks.csproj", "{75C9D481-236B-4883-9DF8-BCA1CAC44210}"
EndProject
Project("{9A19103F-16F7-4668-BE54-9A1E7A4F7556}") = "PONotification", "PONotification\PONotification.csproj", "{DA49CC13-4940-491C-BB19-F8A45D9D7D55}"
EndProject
Project("{9A19103F-16F7-4668-BE54-9A1E7A4F7556}") = "RUNJsonHistry", "RUNJsonHistry\RUNJsonHistry.csproj", "{C1899C53-2484-4948-BFF0-F061389CB052}"
EndProject
Project("{9A19103F-16F7-4668-BE54-9A1E7A4F7556}") = "NSEDownloader", "NSEDownloader\NSEDownloader.csproj", "{B6B8887E-3E0A-41BE-A5F2-653CBEA77BCA}"
EndProject
Project("{9A19103F-16F7-4668-BE54-9A1E7A4F7556}") = "OWNBreezeApi", "OWNBreezeApi\OWNBreezeApi.csproj", "{5356CB4E-F6FD-4837-9415-04E8ECC2A05D}"
EndProject
Project("{9A19103F-16F7-4668-BE54-9A1E7A4F7556}") = "BreezeConnect", "OWNBreezeApi\Breeze-CSharp-SDK-developer\BreezeConnect.csproj", "{2E6236E4-FF92-4DBE-9307-5824DFE00642}"
EndProject
Project("{9A19103F-16F7-4668-BE54-9A1E7A4F7556}") = "DummyFeed", "OWNBreezeApi\DummyFeed\DummyFeed.csproj", "{8AB30EBE-6B1A-492B-8B27-9CC1D2C2E8D9}"
	ProjectSection(ProjectDependencies) = postProject
		{05A50735-6C5A-4F83-A827-14FAA4854959} = {05A50735-6C5A-4F83-A827-14FAA4854959}
	EndProjectSection
EndProject
Project("{9A19103F-16F7-4668-BE54-9A1E7A4F7556}") = "STOCKDays", "STOCKDays\STOCKDays.csproj", "{A972060E-0EDF-4AF9-9DD7-9151F6BDB922}"
EndProject
Project("{9A19103F-16F7-4668-BE54-9A1E7A4F7556}") = "BSEDownloader", "BSEDownloader\BSEDownloader.csproj", "{535120E2-D978-4981-B3E6-A527D87AEC1A}"
EndProject
Project("{9A19103F-16F7-4668-BE54-9A1E7A4F7556}") = "IPOS", "IPOS\IPOS.csproj", "{8879A190-EF78-4DA2-A786-A56B8C1A4BF3}"
EndProject
Project("{2150E333-8FDC-42A3-9474-1A3956D46DE8}") = "ANG", "ANG", "{BDB4F9AC-AC5F-4A38-9F5E-EB098D97F465}"
EndProject
Project("{2150E333-8FDC-42A3-9474-1A3956D46DE8}") = "DB", "DB", "{09C0B3DD-9609-44C1-AE3E-2DA6BCD6170F}"
	ProjectSection(SolutionItems) = preProject
		LiveDataFeed\LiveDataFeed\bin\Debug\net6.0\BreezeConnect.dll = LiveDataFeed\LiveDataFeed\bin\Debug\net6.0\BreezeConnect.dll
		LiveDataFeed\LiveDataFeed\bin\Debug\net6.0\BreezeConnect.pdb = LiveDataFeed\LiveDataFeed\bin\Debug\net6.0\BreezeConnect.pdb
	EndProjectSection
EndProject
Project("{FAE04EC0-301F-11D3-BF4B-00C04F79EFBC}") = "StockUI", "StockUI\StockUI.csproj", "{620FC631-170C-4F0E-8250-8AFBFE09E86F}"
EndProject
Project("{9A19103F-16F7-4668-BE54-9A1E7A4F7556}") = "Automation_LiveFeed", "Automation_LiveFeed\Automation_LiveFeed.csproj", "{F703F088-5BB4-4D3A-8277-97DFDFB51777}"
EndProject
Project("{9A19103F-16F7-4668-BE54-9A1E7A4F7556}") = "PDFExtract", "PDFExtract\PDFExtract.csproj", "{AFEE6C5D-FCF7-4162-B08D-2A5577CEADA0}"
EndProject
Project("{FAE04EC0-301F-11D3-BF4B-00C04F79EFBC}") = "itext.kernel", "itext.kernel\itext.kernel.csproj", "{4E7819E8-7555-4E2E-9A01-D8718A2CFDDA}"
EndProject
Project("{9A19103F-16F7-4668-BE54-9A1E7A4F7556}") = "BSE_Financilas", "BSE_Financilas\BSE_Financilas.csproj", "{A336E191-DD83-45E7-A3BD-D4B0C37660F4}"
EndProject
Project("{9A19103F-16F7-4668-BE54-9A1E7A4F7556}") = "NFO_LIVE_FEED", "NFO_LIVE_FEED\NFO_LIVE_FEED.csproj", "{AD0B8134-8E67-4105-9832-4549F1DAAB23}"
EndProject
Project("{9A19103F-16F7-4668-BE54-9A1E7A4F7556}") = "ImportCSVFromICICI", "ImportCSVFromICICI\ImportCSVFromICICI.csproj", "{DBF0FB9E-564E-4358-920E-4DA3F22F302A}"
EndProject
Project("{9A19103F-16F7-4668-BE54-9A1E7A4F7556}") = "AutomationBuyLiveFeed", "AutomationBuyLiveFeed\AutomationBuyLiveFeed.csproj", "{E24AC63A-E3C1-4BD9-BB66-B8A03095DCC8}"
EndProject
Project("{2150E333-8FDC-42A3-9474-1A3956D46DE8}") = "CandleLIve", "CandleLIve", "{CFDD9899-E606-4E22-931E-EBA19FFDA759}"
EndProject
Project("{FAE04EC0-301F-11D3-BF4B-00C04F79EFBC}") = "CandleChartExample", "..\DesktopCandle\FancyCandles\CandleChartExample\CandleChartExample.csproj", "{40164624-5C89-47CA-84EA-6C9831676D5F}"
EndProject
Project("{FAE04EC0-301F-11D3-BF4B-00C04F79EFBC}") = "CandlesSourceProviderExample", "..\DesktopCandle\FancyCandles\CandlesSourceProviderExample\CandlesSourceProviderExample.csproj", "{45611063-E8D5-4050-AA4B-E6D3E75A0D9B}"
EndProject
Project("{9A19103F-16F7-4668-BE54-9A1E7A4F7556}") = "NDTVProfits", "NDTVProfits\NDTVProfits.csproj", "{0F62808F-4C54-42CC-A71E-45BE8F131AAD}"
EndProject
Project("{9A19103F-16F7-4668-BE54-9A1E7A4F7556}") = "BreezeAPIAutomation", "BreezeAPIAutomation\BreezeAPIAutomation.csproj", "{F94DC4DF-7DDF-4393-8FE1-4C827FF97DB3}"
EndProject
Project("{FAE04EC0-301F-11D3-BF4B-00C04F79EFBC}") = "FinancialCalculator", "Finx_XIRR\XIRRCalculator\FinancialCalculator.csproj", "{3A07CFE7-E3AE-4FD1-A7FA-94D7A5A9CC78}"
EndProject
Project("{9A19103F-16F7-4668-BE54-9A1E7A4F7556}") = "CalculateXIRR", "CalculateXIRR\CalculateXIRR.csproj", "{A77F0486-6096-4645-83A0-633D3B79A4BB}"
EndProject
Project("{2150E333-8FDC-42A3-9474-1A3956D46DE8}") = "Solution Items", "Solution Items", "{304F0CC3-4BC3-45F3-9DF9-91BD673419A9}"
EndProject
Project("{2150E333-8FDC-42A3-9474-1A3956D46DE8}") = "Pyfiles", "Pyfiles", "{23015C0B-C408-4598-95BD-062C10116029}"
	ProjectSection(SolutionItems) = preProject
		ColabsStats\candlestick_trading_analysis_predictions.py = ColabsStats\candlestick_trading_analysis_predictions.py
		ColabsStats\currrent_nseautomate.py = ColabsStats\currrent_nseautomate.py
		ColabsStats\Stocs_Stats_For1Day.py = ColabsStats\Stocs_Stats_For1Day.py
		ColabsStats\Stocs_Stats_For40Day = ColabsStats\Stocs_Stats_For40Day
		ColabsStats\Stocs_Stats_For7Day.py = ColabsStats\Stocs_Stats_For7Day.py
	EndProjectSection
EndProject
Project("{9A19103F-16F7-4668-BE54-9A1E7A4F7556}") = "MSNNEWS", "MSNNEWS\MSNNEWS.csproj", "{EDE6BD3B-F79A-4DFC-92BC-0716223378BB}"
EndProject
Project("{9A19103F-16F7-4668-BE54-9A1E7A4F7556}") = "NSEBlockDeals", "NSEBlockDeals\NSEBlockDeals.csproj", "{A202CA01-CD7B-425B-B716-E3D6D5EC47C6}"
EndProject
Project("{9A19103F-16F7-4668-BE54-9A1E7A4F7556}") = "ICICIVolumeBreakouts", "ICICIVolumeBreakouts\ICICIVolumeBreakouts.csproj", "{C008403F-7F8F-4238-A24E-DE3BED39E274}"
EndProject
Project("{9A19103F-16F7-4668-BE54-9A1E7A4F7556}") = "StockCKT", "StockCKT\StockCKT.csproj", "{7CA65FFB-026D-4484-8C5F-7EA9D15FD0D6}"
EndProject
Project("{9A19103F-16F7-4668-BE54-9A1E7A4F7556}") = "LKT_Stocks", "LKT_Stocks\LKT_Stocks.csproj", "{6232AEE6-BD1D-40AE-A21B-3C2A3F0357A6}"
EndProject
Project("{9A19103F-16F7-4668-BE54-9A1E7A4F7556}") = "EquitiesStats", "EquitiesStats\EquitiesStats.csproj", "{40A3B39B-14DE-40D7-B6EE-FF0CDA5FEEA1}"
EndProject
Project("{2150E333-8FDC-42A3-9474-1A3956D46DE8}") = "One", "One", "{133B569D-59CB-4A62-A3D5-B9559C4BBB32}"
EndProject
Project("{FAE04EC0-301F-11D3-BF4B-00C04F79EFBC}") = "AngelBroking", "AngelBroking\AngelBroking.csproj", "{D599945D-C73B-4D5A-BC71-3A209285B2B4}"
EndProject
Project("{9A19103F-16F7-4668-BE54-9A1E7A4F7556}") = "AGONETOken", "AGONETOken\AGONETOken.csproj", "{B57F5636-034E-41DF-9427-3E742C29B2AD}"
EndProject
Project("{2150E333-8FDC-42A3-9474-1A3956D46DE8}") = "BreezeOrder", "BreezeOrder", "{1F31A92B-3532-4FF9-974B-82A97B813BC0}"
EndProject
Project("{9A19103F-16F7-4668-BE54-9A1E7A4F7556}") = "BreezeOrdersAPI", "BreezeOrdersAPI\BreezeOrdersAPI.csproj", "{D4F43D7D-0955-4F88-9619-1BCA3109B7B9}"
EndProject
Project("{FAE04EC0-301F-11D3-BF4B-00C04F79EFBC}") = "NIFTYTraders", "NIFTYTraders\NIFTYTraders.csproj", "{F267CECC-91EC-4228-8573-E1C0BD6558FD}"
EndProject
Global
	GlobalSection(SolutionConfigurationPlatforms) = preSolution
		Debug|Any CPU = Debug|Any CPU
		Release|Any CPU = Release|Any CPU
	EndGlobalSection
	GlobalSection(ProjectConfigurationPlatforms) = postSolution
		{05A50735-6C5A-4F83-A827-14FAA4854959}.Debug|Any CPU.ActiveCfg = Debug|Any CPU
		{05A50735-6C5A-4F83-A827-14FAA4854959}.Debug|Any CPU.Build.0 = Debug|Any CPU
		{05A50735-6C5A-4F83-A827-14FAA4854959}.Release|Any CPU.ActiveCfg = Release|Any CPU
		{05A50735-6C5A-4F83-A827-14FAA4854959}.Release|Any CPU.Build.0 = Release|Any CPU
		{847DF5F2-B7AA-42DC-A8DC-424075693C8A}.Debug|Any CPU.ActiveCfg = Debug|Any CPU
		{847DF5F2-B7AA-42DC-A8DC-424075693C8A}.Debug|Any CPU.Build.0 = Debug|Any CPU
		{847DF5F2-B7AA-42DC-A8DC-424075693C8A}.Release|Any CPU.ActiveCfg = Release|Any CPU
		{847DF5F2-B7AA-42DC-A8DC-424075693C8A}.Release|Any CPU.Build.0 = Release|Any CPU
		{D86E2D25-F2E8-4F39-A13F-C433F21F1C88}.Debug|Any CPU.ActiveCfg = Debug|Any CPU
		{D86E2D25-F2E8-4F39-A13F-C433F21F1C88}.Debug|Any CPU.Build.0 = Debug|Any CPU
		{D86E2D25-F2E8-4F39-A13F-C433F21F1C88}.Release|Any CPU.ActiveCfg = Release|Any CPU
		{D86E2D25-F2E8-4F39-A13F-C433F21F1C88}.Release|Any CPU.Build.0 = Release|Any CPU
		{BC5E2F97-6A4D-4B67-9CF2-B8EF6B107772}.Debug|Any CPU.ActiveCfg = Debug|Any CPU
		{BC5E2F97-6A4D-4B67-9CF2-B8EF6B107772}.Debug|Any CPU.Build.0 = Debug|Any CPU
		{BC5E2F97-6A4D-4B67-9CF2-B8EF6B107772}.Release|Any CPU.ActiveCfg = Release|Any CPU
		{BC5E2F97-6A4D-4B67-9CF2-B8EF6B107772}.Release|Any CPU.Build.0 = Release|Any CPU
		{75C9D481-236B-4883-9DF8-BCA1CAC44210}.Debug|Any CPU.ActiveCfg = Debug|Any CPU
		{75C9D481-236B-4883-9DF8-BCA1CAC44210}.Debug|Any CPU.Build.0 = Debug|Any CPU
		{75C9D481-236B-4883-9DF8-BCA1CAC44210}.Release|Any CPU.ActiveCfg = Release|Any CPU
		{75C9D481-236B-4883-9DF8-BCA1CAC44210}.Release|Any CPU.Build.0 = Release|Any CPU
		{DA49CC13-4940-491C-BB19-F8A45D9D7D55}.Debug|Any CPU.ActiveCfg = Debug|Any CPU
		{DA49CC13-4940-491C-BB19-F8A45D9D7D55}.Debug|Any CPU.Build.0 = Debug|Any CPU
		{DA49CC13-4940-491C-BB19-F8A45D9D7D55}.Release|Any CPU.ActiveCfg = Release|Any CPU
		{DA49CC13-4940-491C-BB19-F8A45D9D7D55}.Release|Any CPU.Build.0 = Release|Any CPU
		{C1899C53-2484-4948-BFF0-F061389CB052}.Debug|Any CPU.ActiveCfg = Debug|Any CPU
		{C1899C53-2484-4948-BFF0-F061389CB052}.Debug|Any CPU.Build.0 = Debug|Any CPU
		{C1899C53-2484-4948-BFF0-F061389CB052}.Release|Any CPU.ActiveCfg = Release|Any CPU
		{C1899C53-2484-4948-BFF0-F061389CB052}.Release|Any CPU.Build.0 = Release|Any CPU
		{B6B8887E-3E0A-41BE-A5F2-653CBEA77BCA}.Debug|Any CPU.ActiveCfg = Debug|Any CPU
		{B6B8887E-3E0A-41BE-A5F2-653CBEA77BCA}.Debug|Any CPU.Build.0 = Debug|Any CPU
		{B6B8887E-3E0A-41BE-A5F2-653CBEA77BCA}.Release|Any CPU.ActiveCfg = Release|Any CPU
		{B6B8887E-3E0A-41BE-A5F2-653CBEA77BCA}.Release|Any CPU.Build.0 = Release|Any CPU
		{5356CB4E-F6FD-4837-9415-04E8ECC2A05D}.Debug|Any CPU.ActiveCfg = Debug|Any CPU
		{5356CB4E-F6FD-4837-9415-04E8ECC2A05D}.Debug|Any CPU.Build.0 = Debug|Any CPU
		{5356CB4E-F6FD-4837-9415-04E8ECC2A05D}.Release|Any CPU.ActiveCfg = Release|Any CPU
		{5356CB4E-F6FD-4837-9415-04E8ECC2A05D}.Release|Any CPU.Build.0 = Release|Any CPU
		{2E6236E4-FF92-4DBE-9307-5824DFE00642}.Debug|Any CPU.ActiveCfg = Debug|Any CPU
		{2E6236E4-FF92-4DBE-9307-5824DFE00642}.Debug|Any CPU.Build.0 = Debug|Any CPU
		{2E6236E4-FF92-4DBE-9307-5824DFE00642}.Release|Any CPU.ActiveCfg = Release|Any CPU
		{2E6236E4-FF92-4DBE-9307-5824DFE00642}.Release|Any CPU.Build.0 = Release|Any CPU
		{8AB30EBE-6B1A-492B-8B27-9CC1D2C2E8D9}.Debug|Any CPU.ActiveCfg = Debug|Any CPU
		{8AB30EBE-6B1A-492B-8B27-9CC1D2C2E8D9}.Debug|Any CPU.Build.0 = Debug|Any CPU
		{8AB30EBE-6B1A-492B-8B27-9CC1D2C2E8D9}.Release|Any CPU.ActiveCfg = Release|Any CPU
		{8AB30EBE-6B1A-492B-8B27-9CC1D2C2E8D9}.Release|Any CPU.Build.0 = Release|Any CPU
		{A972060E-0EDF-4AF9-9DD7-9151F6BDB922}.Debug|Any CPU.ActiveCfg = Debug|Any CPU
		{A972060E-0EDF-4AF9-9DD7-9151F6BDB922}.Debug|Any CPU.Build.0 = Debug|Any CPU
		{A972060E-0EDF-4AF9-9DD7-9151F6BDB922}.Release|Any CPU.ActiveCfg = Release|Any CPU
		{A972060E-0EDF-4AF9-9DD7-9151F6BDB922}.Release|Any CPU.Build.0 = Release|Any CPU
		{535120E2-D978-4981-B3E6-A527D87AEC1A}.Debug|Any CPU.ActiveCfg = Debug|Any CPU
		{535120E2-D978-4981-B3E6-A527D87AEC1A}.Debug|Any CPU.Build.0 = Debug|Any CPU
		{535120E2-D978-4981-B3E6-A527D87AEC1A}.Release|Any CPU.ActiveCfg = Release|Any CPU
		{535120E2-D978-4981-B3E6-A527D87AEC1A}.Release|Any CPU.Build.0 = Release|Any CPU
		{8879A190-EF78-4DA2-A786-A56B8C1A4BF3}.Debug|Any CPU.ActiveCfg = Debug|Any CPU
		{8879A190-EF78-4DA2-A786-A56B8C1A4BF3}.Debug|Any CPU.Build.0 = Debug|Any CPU
		{8879A190-EF78-4DA2-A786-A56B8C1A4BF3}.Release|Any CPU.ActiveCfg = Release|Any CPU
		{8879A190-EF78-4DA2-A786-A56B8C1A4BF3}.Release|Any CPU.Build.0 = Release|Any CPU
		{620FC631-170C-4F0E-8250-8AFBFE09E86F}.Debug|Any CPU.ActiveCfg = Debug|Any CPU
		{620FC631-170C-4F0E-8250-8AFBFE09E86F}.Debug|Any CPU.Build.0 = Debug|Any CPU
		{620FC631-170C-4F0E-8250-8AFBFE09E86F}.Debug|Any CPU.Deploy.0 = Debug|Any CPU
		{620FC631-170C-4F0E-8250-8AFBFE09E86F}.Release|Any CPU.ActiveCfg = Release|Any CPU
		{620FC631-170C-4F0E-8250-8AFBFE09E86F}.Release|Any CPU.Build.0 = Release|Any CPU
		{620FC631-170C-4F0E-8250-8AFBFE09E86F}.Release|Any CPU.Deploy.0 = Release|Any CPU
		{F703F088-5BB4-4D3A-8277-97DFDFB51777}.Debug|Any CPU.ActiveCfg = Debug|Any CPU
		{F703F088-5BB4-4D3A-8277-97DFDFB51777}.Debug|Any CPU.Build.0 = Debug|Any CPU
		{F703F088-5BB4-4D3A-8277-97DFDFB51777}.Release|Any CPU.ActiveCfg = Release|Any CPU
		{F703F088-5BB4-4D3A-8277-97DFDFB51777}.Release|Any CPU.Build.0 = Release|Any CPU
		{AFEE6C5D-FCF7-4162-B08D-2A5577CEADA0}.Debug|Any CPU.ActiveCfg = Debug|Any CPU
		{AFEE6C5D-FCF7-4162-B08D-2A5577CEADA0}.Debug|Any CPU.Build.0 = Debug|Any CPU
		{AFEE6C5D-FCF7-4162-B08D-2A5577CEADA0}.Release|Any CPU.ActiveCfg = Release|Any CPU
		{AFEE6C5D-FCF7-4162-B08D-2A5577CEADA0}.Release|Any CPU.Build.0 = Release|Any CPU
		{4E7819E8-7555-4E2E-9A01-D8718A2CFDDA}.Debug|Any CPU.ActiveCfg = Debug|Any CPU
		{4E7819E8-7555-4E2E-9A01-D8718A2CFDDA}.Debug|Any CPU.Build.0 = Debug|Any CPU
		{4E7819E8-7555-4E2E-9A01-D8718A2CFDDA}.Release|Any CPU.ActiveCfg = Release|Any CPU
		{4E7819E8-7555-4E2E-9A01-D8718A2CFDDA}.Release|Any CPU.Build.0 = Release|Any CPU
		{A336E191-DD83-45E7-A3BD-D4B0C37660F4}.Debug|Any CPU.ActiveCfg = Debug|Any CPU
		{A336E191-DD83-45E7-A3BD-D4B0C37660F4}.Debug|Any CPU.Build.0 = Debug|Any CPU
		{A336E191-DD83-45E7-A3BD-D4B0C37660F4}.Release|Any CPU.ActiveCfg = Release|Any CPU
		{A336E191-DD83-45E7-A3BD-D4B0C37660F4}.Release|Any CPU.Build.0 = Release|Any CPU
		{AD0B8134-8E67-4105-9832-4549F1DAAB23}.Debug|Any CPU.ActiveCfg = Debug|Any CPU
		{AD0B8134-8E67-4105-9832-4549F1DAAB23}.Debug|Any CPU.Build.0 = Debug|Any CPU
		{AD0B8134-8E67-4105-9832-4549F1DAAB23}.Release|Any CPU.ActiveCfg = Release|Any CPU
		{AD0B8134-8E67-4105-9832-4549F1DAAB23}.Release|Any CPU.Build.0 = Release|Any CPU
		{DBF0FB9E-564E-4358-920E-4DA3F22F302A}.Debug|Any CPU.ActiveCfg = Debug|Any CPU
		{DBF0FB9E-564E-4358-920E-4DA3F22F302A}.Debug|Any CPU.Build.0 = Debug|Any CPU
		{DBF0FB9E-564E-4358-920E-4DA3F22F302A}.Release|Any CPU.ActiveCfg = Release|Any CPU
		{DBF0FB9E-564E-4358-920E-4DA3F22F302A}.Release|Any CPU.Build.0 = Release|Any CPU
		{E24AC63A-E3C1-4BD9-BB66-B8A03095DCC8}.Debug|Any CPU.ActiveCfg = Debug|Any CPU
		{E24AC63A-E3C1-4BD9-BB66-B8A03095DCC8}.Debug|Any CPU.Build.0 = Debug|Any CPU
		{E24AC63A-E3C1-4BD9-BB66-B8A03095DCC8}.Release|Any CPU.ActiveCfg = Release|Any CPU
		{E24AC63A-E3C1-4BD9-BB66-B8A03095DCC8}.Release|Any CPU.Build.0 = Release|Any CPU
		{40164624-5C89-47CA-84EA-6C9831676D5F}.Debug|Any CPU.ActiveCfg = Debug|Any CPU
		{40164624-5C89-47CA-84EA-6C9831676D5F}.Debug|Any CPU.Build.0 = Debug|Any CPU
		{40164624-5C89-47CA-84EA-6C9831676D5F}.Release|Any CPU.ActiveCfg = Release|Any CPU
		{40164624-5C89-47CA-84EA-6C9831676D5F}.Release|Any CPU.Build.0 = Release|Any CPU
		{45611063-E8D5-4050-AA4B-E6D3E75A0D9B}.Debug|Any CPU.ActiveCfg = Debug|Any CPU
		{45611063-E8D5-4050-AA4B-E6D3E75A0D9B}.Debug|Any CPU.Build.0 = Debug|Any CPU
		{45611063-E8D5-4050-AA4B-E6D3E75A0D9B}.Release|Any CPU.ActiveCfg = Release|Any CPU
		{45611063-E8D5-4050-AA4B-E6D3E75A0D9B}.Release|Any CPU.Build.0 = Release|Any CPU
		{0F62808F-4C54-42CC-A71E-45BE8F131AAD}.Debug|Any CPU.ActiveCfg = Debug|Any CPU
		{0F62808F-4C54-42CC-A71E-45BE8F131AAD}.Debug|Any CPU.Build.0 = Debug|Any CPU
		{0F62808F-4C54-42CC-A71E-45BE8F131AAD}.Release|Any CPU.ActiveCfg = Release|Any CPU
		{0F62808F-4C54-42CC-A71E-45BE8F131AAD}.Release|Any CPU.Build.0 = Release|Any CPU
		{F94DC4DF-7DDF-4393-8FE1-4C827FF97DB3}.Debug|Any CPU.ActiveCfg = Debug|Any CPU
		{F94DC4DF-7DDF-4393-8FE1-4C827FF97DB3}.Debug|Any CPU.Build.0 = Debug|Any CPU
		{F94DC4DF-7DDF-4393-8FE1-4C827FF97DB3}.Release|Any CPU.ActiveCfg = Release|Any CPU
		{F94DC4DF-7DDF-4393-8FE1-4C827FF97DB3}.Release|Any CPU.Build.0 = Release|Any CPU
		{3A07CFE7-E3AE-4FD1-A7FA-94D7A5A9CC78}.Debug|Any CPU.ActiveCfg = Debug|Any CPU
		{3A07CFE7-E3AE-4FD1-A7FA-94D7A5A9CC78}.Debug|Any CPU.Build.0 = Debug|Any CPU
		{3A07CFE7-E3AE-4FD1-A7FA-94D7A5A9CC78}.Release|Any CPU.ActiveCfg = Release|Any CPU
		{3A07CFE7-E3AE-4FD1-A7FA-94D7A5A9CC78}.Release|Any CPU.Build.0 = Release|Any CPU
		{A77F0486-6096-4645-83A0-633D3B79A4BB}.Debug|Any CPU.ActiveCfg = Debug|Any CPU
		{A77F0486-6096-4645-83A0-633D3B79A4BB}.Debug|Any CPU.Build.0 = Debug|Any CPU
		{A77F0486-6096-4645-83A0-633D3B79A4BB}.Release|Any CPU.ActiveCfg = Release|Any CPU
		{A77F0486-6096-4645-83A0-633D3B79A4BB}.Release|Any CPU.Build.0 = Release|Any CPU
		{EDE6BD3B-F79A-4DFC-92BC-0716223378BB}.Debug|Any CPU.ActiveCfg = Debug|Any CPU
		{EDE6BD3B-F79A-4DFC-92BC-0716223378BB}.Debug|Any CPU.Build.0 = Debug|Any CPU
		{EDE6BD3B-F79A-4DFC-92BC-0716223378BB}.Release|Any CPU.ActiveCfg = Release|Any CPU
		{EDE6BD3B-F79A-4DFC-92BC-0716223378BB}.Release|Any CPU.Build.0 = Release|Any CPU
		{A202CA01-CD7B-425B-B716-E3D6D5EC47C6}.Debug|Any CPU.ActiveCfg = Debug|Any CPU
		{A202CA01-CD7B-425B-B716-E3D6D5EC47C6}.Debug|Any CPU.Build.0 = Debug|Any CPU
		{A202CA01-CD7B-425B-B716-E3D6D5EC47C6}.Release|Any CPU.ActiveCfg = Release|Any CPU
		{A202CA01-CD7B-425B-B716-E3D6D5EC47C6}.Release|Any CPU.Build.0 = Release|Any CPU
		{C008403F-7F8F-4238-A24E-DE3BED39E274}.Debug|Any CPU.ActiveCfg = Debug|Any CPU
		{C008403F-7F8F-4238-A24E-DE3BED39E274}.Debug|Any CPU.Build.0 = Debug|Any CPU
		{C008403F-7F8F-4238-A24E-DE3BED39E274}.Release|Any CPU.ActiveCfg = Release|Any CPU
		{C008403F-7F8F-4238-A24E-DE3BED39E274}.Release|Any CPU.Build.0 = Release|Any CPU
		{7CA65FFB-026D-4484-8C5F-7EA9D15FD0D6}.Debug|Any CPU.ActiveCfg = Debug|Any CPU
		{7CA65FFB-026D-4484-8C5F-7EA9D15FD0D6}.Debug|Any CPU.Build.0 = Debug|Any CPU
		{7CA65FFB-026D-4484-8C5F-7EA9D15FD0D6}.Release|Any CPU.ActiveCfg = Release|Any CPU
		{7CA65FFB-026D-4484-8C5F-7EA9D15FD0D6}.Release|Any CPU.Build.0 = Release|Any CPU
		{6232AEE6-BD1D-40AE-A21B-3C2A3F0357A6}.Debug|Any CPU.ActiveCfg = Debug|Any CPU
		{6232AEE6-BD1D-40AE-A21B-3C2A3F0357A6}.Debug|Any CPU.Build.0 = Debug|Any CPU
		{6232AEE6-BD1D-40AE-A21B-3C2A3F0357A6}.Release|Any CPU.ActiveCfg = Release|Any CPU
		{6232AEE6-BD1D-40AE-A21B-3C2A3F0357A6}.Release|Any CPU.Build.0 = Release|Any CPU
		{40A3B39B-14DE-40D7-B6EE-FF0CDA5FEEA1}.Debug|Any CPU.ActiveCfg = Debug|Any CPU
		{40A3B39B-14DE-40D7-B6EE-FF0CDA5FEEA1}.Debug|Any CPU.Build.0 = Debug|Any CPU
		{40A3B39B-14DE-40D7-B6EE-FF0CDA5FEEA1}.Release|Any CPU.ActiveCfg = Release|Any CPU
		{40A3B39B-14DE-40D7-B6EE-FF0CDA5FEEA1}.Release|Any CPU.Build.0 = Release|Any CPU
		{D599945D-C73B-4D5A-BC71-3A209285B2B4}.Debug|Any CPU.ActiveCfg = Debug|Any CPU
		{D599945D-C73B-4D5A-BC71-3A209285B2B4}.Debug|Any CPU.Build.0 = Debug|Any CPU
		{D599945D-C73B-4D5A-BC71-3A209285B2B4}.Release|Any CPU.ActiveCfg = Release|Any CPU
		{D599945D-C73B-4D5A-BC71-3A209285B2B4}.Release|Any CPU.Build.0 = Release|Any CPU
		{B57F5636-034E-41DF-9427-3E742C29B2AD}.Debug|Any CPU.ActiveCfg = Debug|Any CPU
		{B57F5636-034E-41DF-9427-3E742C29B2AD}.Debug|Any CPU.Build.0 = Debug|Any CPU
		{B57F5636-034E-41DF-9427-3E742C29B2AD}.Release|Any CPU.ActiveCfg = Release|Any CPU
		{B57F5636-034E-41DF-9427-3E742C29B2AD}.Release|Any CPU.Build.0 = Release|Any CPU
		{D4F43D7D-0955-4F88-9619-1BCA3109B7B9}.Debug|Any CPU.ActiveCfg = Debug|Any CPU
		{D4F43D7D-0955-4F88-9619-1BCA3109B7B9}.Debug|Any CPU.Build.0 = Debug|Any CPU
		{D4F43D7D-0955-4F88-9619-1BCA3109B7B9}.Release|Any CPU.ActiveCfg = Release|Any CPU
		{D4F43D7D-0955-4F88-9619-1BCA3109B7B9}.Release|Any CPU.Build.0 = Release|Any CPU
		{F267CECC-91EC-4228-8573-E1C0BD6558FD}.Debug|Any CPU.ActiveCfg = Debug|Any CPU
		{F267CECC-91EC-4228-8573-E1C0BD6558FD}.Debug|Any CPU.Build.0 = Debug|Any CPU
		{F267CECC-91EC-4228-8573-E1C0BD6558FD}.Release|Any CPU.ActiveCfg = Release|Any CPU
		{F267CECC-91EC-4228-8573-E1C0BD6558FD}.Release|Any CPU.Build.0 = Release|Any CPU
	EndGlobalSection
	GlobalSection(SolutionProperties) = preSolution
		HideSolutionNode = FALSE
	EndGlobalSection
	GlobalSection(NestedProjects) = preSolution
		{40164624-5C89-47CA-84EA-6C9831676D5F} = {CFDD9899-E606-4E22-931E-EBA19FFDA759}
		{45611063-E8D5-4050-AA4B-E6D3E75A0D9B} = {CFDD9899-E606-4E22-931E-EBA19FFDA759}
		{3A07CFE7-E3AE-4FD1-A7FA-94D7A5A9CC78} = {BDB4F9AC-AC5F-4A38-9F5E-EB098D97F465}
		{A77F0486-6096-4645-83A0-633D3B79A4BB} = {BDB4F9AC-AC5F-4A38-9F5E-EB098D97F465}
		{D599945D-C73B-4D5A-BC71-3A209285B2B4} = {133B569D-59CB-4A62-A3D5-B9559C4BBB32}
		{B57F5636-034E-41DF-9427-3E742C29B2AD} = {133B569D-59CB-4A62-A3D5-B9559C4BBB32}
		{D4F43D7D-0955-4F88-9619-1BCA3109B7B9} = {1F31A92B-3532-4FF9-974B-82A97B813BC0}
	EndGlobalSection
	GlobalSection(ExtensibilityGlobals) = postSolution
		SolutionGuid = {517B493C-959C-4855-801D-C84A95F9C8B8}
	EndGlobalSection
EndGlobal
